
Microsoft Visual Studio Solution File, Format Version 12.00
# Visual Studio Version 16
VisualStudioVersion = 16.0.29806.167
MinimumVisualStudioVersion = 10.0.40219.1
Project("{9A19103F-16F7-4668-BE54-9A1E7A4F7556}") = "gateway", "gateway.csproj", "{155C35F7-E546-4399-8571-48BF2A744134}"
EndProject
Project("{2150E333-8FDC-42A3-9474-1A3956D46DE8}") = "Solution Items", "Solution Items", "{4B812CC1-D2FF-4287-98DA-0F607E72B0E8}"
	ProjectSection(SolutionItems) = preProject
		.editorconfig = .editorconfig
	EndProjectSection
EndProject
Global
	GlobalSection(SolutionConfigurationPlatforms) = preSolution
		Debug|Any CPU = Debug|Any CPU
		Release|Any CPU = Release|Any CPU
	EndGlobalSection
	GlobalSection(ProjectConfigurationPlatforms) = postSolution
		{155C35F7-E546-4399-8571-48BF2A744134}.Debug|Any CPU.ActiveCfg = Debug|Any CPU
		{155C35F7-E546-4399-8571-48BF2A744134}.Debug|Any CPU.Build.0 = Debug|Any CPU
		{155C35F7-E546-4399-8571-48BF2A744134}.Release|Any CPU.ActiveCfg = Release|Any CPU
		{155C35F7-E546-4399-8571-48BF2A744134}.Release|Any CPU.Build.0 = Release|Any CPU
	EndGlobalSection
	GlobalSection(SolutionProperties) = preSolution
		HideSolutionNode = FALSE
	EndGlobalSection
	GlobalSection(ExtensibilityGlobals) = postSolution
		SolutionGuid = {86161E57-9671-41FA-BB26-18925CCEDBAB}
	EndGlobalSection
EndGlobal
